# THIS IS AN AUTOGENERATED FILE. DO NOT EDIT THIS FILE DIRECTLY.
# yarn lockfile v1


"@mapbox/geojson-area@0.2.2":
  "integrity" "sha1-GNeBSqNr8j+7zDefjiaiKSfevxA="
  "resolved" "https://registry.npmjs.org/@mapbox/geojson-area/-/geojson-area-0.2.2.tgz"
  "version" "0.2.2"
  dependencies:
    "wgs84" "0.0.0"

"@mapbox/geojson-rewind@^0.4.0":
  "integrity" "sha512-b+1uPWBERW4Pet/969BNu61ZPDyH2ilIxBjJDFzxyS9TyszF9UrTQyYIl/G38clux3rtpAGGFSGTCSF/qR6UjA=="
  "resolved" "https://registry.npmjs.org/@mapbox/geojson-rewind/-/geojson-rewind-0.4.0.tgz"
  "version" "0.4.0"
  dependencies:
    "@mapbox/geojson-area" "0.2.2"
    "concat-stream" "~1.6.0"
    "minimist" "1.2.0"
    "sharkdown" "^0.1.0"

"@mapbox/geojson-types@^1.0.2":
  "integrity" "sha512-e9EBqHHv3EORHrSfbR9DqecPNn+AmuAoQxV6aL8Xu30bJMJR1o8PZLZzpk1Wq7/NfCbuhmakHTPYRhoqLsXRnw=="
  "resolved" "https://registry.npmjs.org/@mapbox/geojson-types/-/geojson-types-1.0.2.tgz"
  "version" "1.0.2"

"@mapbox/jsonlint-lines-primitives@^2.0.2":
  "integrity" "sha1-zlblOfg1UrWNENZy6k1vya3HsjQ="
  "resolved" "https://registry.npmjs.org/@mapbox/jsonlint-lines-primitives/-/jsonlint-lines-primitives-2.0.2.tgz"
  "version" "2.0.2"

"@mapbox/mapbox-gl-supported@^1.4.0":
  "integrity" "sha512-yyKza9S6z3ELKuf6w5n6VNUB0Osu6Z93RXPfMHLIlNWohu3KqxewLOq4lMXseYJ92GwkRAxd207Pr/Z98cwmvw=="
  "resolved" "https://registry.npmjs.org/@mapbox/mapbox-gl-supported/-/mapbox-gl-supported-1.4.1.tgz"
  "version" "1.4.1"

"@mapbox/point-geometry@^0.1.0", "@mapbox/point-geometry@~0.1.0", "@mapbox/point-geometry@0.1.0":
  "integrity" "sha1-ioP5M1x4YO/6Lu7KJUMyqgru2PI="
  "resolved" "https://registry.npmjs.org/@mapbox/point-geometry/-/point-geometry-0.1.0.tgz"
  "version" "0.1.0"

"@mapbox/tiny-sdf@^1.1.0":
  "integrity" "sha512-Ihn1nZcGIswJ5XGbgFAvVumOgWpvIjBX9jiRlIl46uQG9vJOF51ViBYHF95rEZupuyQbEmhLaDPLQlU7fUTsBg=="
  "resolved" "https://registry.npmjs.org/@mapbox/tiny-sdf/-/tiny-sdf-1.1.1.tgz"
  "version" "1.1.1"

"@mapbox/unitbezier@^0.0.0":
  "integrity" "sha1-FWUb1VOme4WB+zmIEMmK2Go0Uk4="
  "resolved" "https://registry.npmjs.org/@mapbox/unitbezier/-/unitbezier-0.0.0.tgz"
  "version" "0.0.0"

"@mapbox/vector-tile@^1.3.1":
  "integrity" "sha512-MCEddb8u44/xfQ3oD+Srl/tNcQoqTw3goGk2oLsrFxOTc3dUp+kAnby3PvAeeBYSMSjSPD1nd1AJA6W49WnoUw=="
  "resolved" "https://registry.npmjs.org/@mapbox/vector-tile/-/vector-tile-1.3.1.tgz"
  "version" "1.3.1"
  dependencies:
    "@mapbox/point-geometry" "~0.1.0"

"@mapbox/whoots-js@^3.1.0":
  "integrity" "sha512-Es6WcD0nO5l+2BOQS4uLfNPYQaNDfbot3X1XUoloz+x0mPDS3eeORZJl06HXjwBG1fOGwCRnzK88LMdxKRrd6Q=="
  "resolved" "https://registry.npmjs.org/@mapbox/whoots-js/-/whoots-js-3.1.0.tgz"
  "version" "3.1.0"

"agegate@^3.0.0":
  "integrity" "sha1-rnf9aB7qImcaLv3yEp+euy1vvNQ="
  "resolved" "https://registry.npmjs.org/agegate/-/agegate-3.0.0.tgz"
  "version" "3.0.0"

"ansicolors@~0.2.1":
  "integrity" "sha1-vgiVmQl7dKXJxKhKDNvNtivYeu8="
  "resolved" "https://registry.npmjs.org/ansicolors/-/ansicolors-0.2.1.tgz"
  "version" "0.2.1"

"aos@^2.3.4":
  "integrity" "sha512-zh/ahtR2yME4I51z8IttIt4lC1Nw0ktsFtmeDzID1m9naJnWXhCoARaCgNOGXb5CLy3zm+wqmRAEgMYB5E2HUw=="
  "resolved" "https://registry.npmjs.org/aos/-/aos-2.3.4.tgz"
  "version" "2.3.4"
  dependencies:
    "classlist-polyfill" "^1.0.3"
    "lodash.debounce" "^4.0.6"
    "lodash.throttle" "^4.0.1"

"buffer-from@^1.0.0":
  "integrity" "sha512-MQcXEUbCKtEo7bhqEs6560Hyd4XaovZlO/k9V3hjVUF/zwW7KBVdSK4gIt/bzwS9MbR5qob+F5jusZsb0YQK2A=="
  "resolved" "https://registry.npmjs.org/buffer-from/-/buffer-from-1.1.1.tgz"
  "version" "1.1.1"

"cardinal@~0.4.2":
  "integrity" "sha1-ylu2iltRG5D+k7ms6km97lwyv+I="
  "resolved" "https://registry.npmjs.org/cardinal/-/cardinal-0.4.4.tgz"
  "version" "0.4.4"
  dependencies:
    "ansicolors" "~0.2.1"
    "redeyed" "~0.4.0"

"classlist-polyfill@^1.0.3":
  "integrity" "sha1-k1vC39lFiodrJ5YXUUY4vKqWSi4="
  "resolved" "https://registry.npmjs.org/classlist-polyfill/-/classlist-polyfill-1.2.0.tgz"
  "version" "1.2.0"

"concat-stream@~1.6.0":
  "integrity" "sha512-27HBghJxjiZtIk3Ycvn/4kbJk/1uZuJFfuPEns6LaEvpvG1f0hTea8lilrouyo9mVc2GWdcEZ8OLoGmSADlrCw=="
  "resolved" "https://registry.npmjs.org/concat-stream/-/concat-stream-1.6.2.tgz"
  "version" "1.6.2"
  dependencies:
    "buffer-from" "^1.0.0"
    "inherits" "^2.0.3"
    "readable-stream" "^2.2.2"
    "typedarray" "^0.0.6"

"core-util-is@~1.0.0":
  "integrity" "sha1-tf1UIgqivFq1eqtxQMlAdUUDwac="
  "resolved" "https://registry.npmjs.org/core-util-is/-/core-util-is-1.0.2.tgz"
  "version" "1.0.2"

"csscolorparser@~1.0.2":
  "integrity" "sha1-s085HupNqPPpgjHizNjfnAQfFxs="
  "resolved" "https://registry.npmjs.org/csscolorparser/-/csscolorparser-1.0.3.tgz"
  "version" "1.0.3"

"delegate@3.1.3":
  "integrity" "sha1-moJRp3fXAl+qVXN7w7BxdCEnqf0="
  "resolved" "https://registry.npmjs.org/delegate/-/delegate-3.1.3.tgz"
  "version" "3.1.3"

"dom7@^2.1.3":
  "integrity" "sha512-QTxHHDox+M6ZFz1zHPAHZKI3JOHY5iY4i9BK2uctlggxKQwRhO3q3HHFq1BKsT25Bm/ySSj70K6Wk/G4bs9rMQ=="
  "resolved" "https://registry.npmjs.org/dom7/-/dom7-2.1.3.tgz"
  "version" "2.1.3"
  dependencies:
    "ssr-window" "^1.0.1"

"earcut@^2.2.0":
  "integrity" "sha512-5jIMi2RB3HtGPHcYd9Yyl0cczo84y+48lgKPxMijliNQaKAHEZJbdzLmKmdxG/mCdS/YD9DQ1gihL8mxzR0F9w=="
  "resolved" "https://registry.npmjs.org/earcut/-/earcut-2.2.1.tgz"
  "version" "2.2.1"

"esprima@~1.0.4":
  "integrity" "sha1-n1V+CPw7TSbs6d00+Pv0drYlha0="
  "resolved" "https://registry.npmjs.org/esprima/-/esprima-1.0.4.tgz"
  "version" "1.0.4"

"foundation-sites@^6.6.1":
  "integrity" "sha512-4GrCL8L3osFJM6WCNRIQs5kGX5BCKNuO2zzQN68lUTblgpH7FUE28ctkbNFqoTnkUmWARj5VtiS3oQob3H0eZA=="
  "resolved" "https://registry.npmjs.org/foundation-sites/-/foundation-sites-6.6.1.tgz"
  "version" "6.6.1"

"geojson-vt@^3.2.1":
  "integrity" "sha512-EvGQQi/zPrDA6zr6BnJD/YhwAkBP8nnJ9emh3EnHQKVMfg/MRVtPbMYdgVy/IaEmn4UfagD2a6fafPDL5hbtwg=="
  "resolved" "https://registry.npmjs.org/geojson-vt/-/geojson-vt-3.2.1.tgz"
  "version" "3.2.1"

"gl-matrix@^3.0.0":
  "integrity" "sha512-526NA+3EA+ztAQi0IZpSWiM0fyQXIp7IbRvfJ4wS/TjjQD0uv0fVybXwwqqSOlq33UckivI0yMDlVtboWm3k7A=="
  "resolved" "https://registry.npmjs.org/gl-matrix/-/gl-matrix-3.1.0.tgz"
  "version" "3.1.0"

"grid-index@^1.1.0":
  "integrity" "sha512-HZRwumpOGUrHyxO5bqKZL0B0GlUpwtCAzZ42sgxUPniu33R1LSFH5yrIcBCHjkctCAh3mtWKcKd9J4vDDdeVHA=="
  "resolved" "https://registry.npmjs.org/grid-index/-/grid-index-1.1.0.tgz"
  "version" "1.1.0"

"ieee754@^1.1.12":
  "integrity" "sha512-4vf7I2LYV/HaWerSo3XmlMkp5eZ83i+/CDluXi/IGTs/O1sejBNhTtnxzmRZfvOUqj7lZjqHkeTvpgSFDlWZTg=="
  "resolved" "https://registry.npmjs.org/ieee754/-/ieee754-1.1.13.tgz"
  "version" "1.1.13"

"inherits@^2.0.3", "inherits@~2.0.3":
  "integrity" "sha512-k/vGaX4/Yla3WzyMCvTQOXYeIHvqOKtnqBduzTHpzpQZzAskKMhZ2K+EnBiSM9zGSoIFeMpXKxa4dYeZIQqewQ=="
  "resolved" "https://registry.npmjs.org/inherits/-/inherits-2.0.4.tgz"
  "version" "2.0.4"

"isarray@~1.0.0":
  "integrity" "sha1-u5NdSFgsuhaMBoNJV6VKPgcSTxE="
  "resolved" "https://registry.npmjs.org/isarray/-/isarray-1.0.0.tgz"
  "version" "1.0.0"

"jquery@>=1.7.0", "jquery@>=3.0.0":
  "integrity" "sha512-JVzAR/AjBvVt2BmYhxRCSYysDsPcssdmTFnzyLEts9qNwmjmu4JTAMYubEfwVOSwpQ1I1sKKFcxhZCI2buerfw=="
  "resolved" "https://registry.npmjs.org/jquery/-/jquery-3.6.0.tgz"
  "version" "3.6.0"

"js-cookie@^2.2.1":
  "integrity" "sha512-HvdH2LzI/EAZcUwA8+0nKNtWHqS+ZmijLA30RwZA0bo7ToCckjK5MkGhjED9KoRcXO6BaGI3I9UIzSA1FKFPOQ=="
  "resolved" "https://registry.npmjs.org/js-cookie/-/js-cookie-2.2.1.tgz"
  "version" "2.2.1"

"kdbush@^3.0.0":
  "integrity" "sha512-hRkd6/XW4HTsA9vjVpY9tuXJYLSlelnkTmVFu4M9/7MIYQtFcHpbugAU7UbOfjOiVSVYl2fqgBuJ32JUmRo5Ew=="
  "resolved" "https://registry.npmjs.org/kdbush/-/kdbush-3.0.0.tgz"
  "version" "3.0.0"

"lg-autoplay@^1.0.4":
  "integrity" "sha1-JZHqK4QEOlzV2MsZacUCkhp3uiw="
  "resolved" "https://registry.npmjs.org/lg-autoplay/-/lg-autoplay-1.0.4.tgz"
  "version" "1.0.4"
  dependencies:
    "jquery" ">=1.7.0"

"lg-fullscreen@^1.1.0":
  "integrity" "sha512-Sh2mZMR8QYrYNgKcCwbACs3LO8OQg6puisIMDkd4ULEJicCt0zLZ9aT4YgNhcYMYBXAU2sHwbjHJjF7TxVT3hw=="
  "resolved" "https://registry.npmjs.org/lg-fullscreen/-/lg-fullscreen-1.1.0.tgz"
  "version" "1.1.0"
  dependencies:
    "jquery" ">=1.7.0"

"lg-video@^1.2.2":
  "integrity" "sha1-+dCjINILr7EmpA7bNXkNOro+9Bs="
  "resolved" "https://registry.npmjs.org/lg-video/-/lg-video-1.2.2.tgz"
  "version" "1.2.2"
  dependencies:
    "jquery" ">=1.7.0"

"lightgallery@^1.6.12":
  "integrity" "sha512-t8hIgZc3ZvGW9pG8Bd68bXcUj7FWGewaroT7ADYo2fvQTgkqcMMLtXw9yQclS7BF0soadA0B6BN3MWOEiS2pYA=="
  "resolved" "https://registry.npmjs.org/lightgallery/-/lightgallery-1.6.12.tgz"
  "version" "1.6.12"
  dependencies:
    "jquery" ">=1.7.0"

"lodash.debounce@^4.0.6":
  "integrity" "sha1-gteb/zCmfEAF/9XiUVMArZyk168="
  "resolved" "https://registry.npmjs.org/lodash.debounce/-/lodash.debounce-4.0.8.tgz"
  "version" "4.0.8"

"lodash.throttle@^4.0.1":
  "integrity" "sha1-wj6RtxAkKscMN/HhzaknTMOb8vQ="
  "resolved" "https://registry.npmjs.org/lodash.throttle/-/lodash.throttle-4.1.1.tgz"
  "version" "4.1.1"

"mapbox-gl@^1.5.1":
  "integrity" "sha512-B2LXxHQAOWx/bdHd2lBKhW0zWGYL73bb0CXVFsSblXW3Ta8h5czRW3sHYrXpWCOt+nO/+3XtxTYJ9vyZ2HL2nA=="
  "resolved" "https://registry.npmjs.org/mapbox-gl/-/mapbox-gl-1.5.1.tgz"
  "version" "1.5.1"
  dependencies:
    "@mapbox/geojson-rewind" "^0.4.0"
    "@mapbox/geojson-types" "^1.0.2"
    "@mapbox/jsonlint-lines-primitives" "^2.0.2"
    "@mapbox/mapbox-gl-supported" "^1.4.0"
    "@mapbox/point-geometry" "^0.1.0"
    "@mapbox/tiny-sdf" "^1.1.0"
    "@mapbox/unitbezier" "^0.0.0"
    "@mapbox/vector-tile" "^1.3.1"
    "@mapbox/whoots-js" "^3.1.0"
    "csscolorparser" "~1.0.2"
    "earcut" "^2.2.0"
    "geojson-vt" "^3.2.1"
    "gl-matrix" "^3.0.0"
    "grid-index" "^1.1.0"
    "minimist" "0.0.8"
    "murmurhash-js" "^1.0.0"
    "pbf" "^3.2.1"
    "potpack" "^1.0.1"
    "quickselect" "^2.0.0"
    "rw" "^1.3.3"
    "supercluster" "^6.0.1"
    "tinyqueue" "^2.0.0"
    "vt-pbf" "^3.1.1"

"minimist@0.0.5":
  "integrity" "sha1-16oye87PUY+RBqxrjwA/o7zqhWY="
  "resolved" "https://registry.npmjs.org/minimist/-/minimist-0.0.5.tgz"
  "version" "0.0.5"

"minimist@0.0.8":
  "integrity" "sha1-hX/Kv8M5fSYluCKCYuhqp6ARsF0="
  "resolved" "https://registry.npmjs.org/minimist/-/minimist-0.0.8.tgz"
  "version" "0.0.8"

"minimist@1.2.0":
  "integrity" "sha1-o1AIsg9BOD7sH7kU9M1d95omQoQ="
  "resolved" "https://registry.npmjs.org/minimist/-/minimist-1.2.0.tgz"
  "version" "1.2.0"

"motion-ui@~2.0.0":
  "integrity" "sha512-f9xzh/hbZTUYjk4M7y1aDcsiPTfqUbuvCv/+If05TSIBEJMu3hGBU+YSe9csQPP7WBBHXxjossEygM/TJo2enw=="
  "resolved" "https://registry.npmjs.org/motion-ui/-/motion-ui-2.0.3.tgz"
  "version" "2.0.3"

"murmurhash-js@^1.0.0":
  "integrity" "sha1-sGJ44h/Gw3+lMTcysEEry2rhX1E="
  "resolved" "https://registry.npmjs.org/murmurhash-js/-/murmurhash-js-1.0.0.tgz"
  "version" "1.0.0"

"opencollective-postinstall@^2.0.2":
  "integrity" "sha512-pVOEP16TrAO2/fjej1IdOyupJY8KDUM1CvsaScRbw6oddvpQoOfGk4ywha0HKKVAD6RkW4x6Q+tNBwhf3Bgpuw=="
  "resolved" "https://registry.npmjs.org/opencollective-postinstall/-/opencollective-postinstall-2.0.2.tgz"
  "version" "2.0.2"

"package@^1.0.1":
  "integrity" "sha1-0lofmeJQbcsn1nBLg9yooxLk7cw="
  "resolved" "https://registry.npmjs.org/package/-/package-1.0.1.tgz"
  "version" "1.0.1"

"pbf@^3.0.5", "pbf@^3.2.1":
  "integrity" "sha512-ClrV7pNOn7rtmoQVF4TS1vyU0WhYRnP92fzbfF75jAIwpnzdJXf8iTd4CMEqO4yUenH6NDqLiwjqlh6QgZzgLQ=="
  "resolved" "https://registry.npmjs.org/pbf/-/pbf-3.2.1.tgz"
  "version" "3.2.1"
  dependencies:
    "ieee754" "^1.1.12"
    "resolve-protobuf-schema" "^2.1.0"

"potpack@^1.0.1":
  "integrity" "sha512-15vItUAbViaYrmaB/Pbw7z6qX2xENbFSTA7Ii4tgbPtasxm5v6ryKhKtL91tpWovDJzTiZqdwzhcFBCwiMVdVw=="
  "resolved" "https://registry.npmjs.org/potpack/-/potpack-1.0.1.tgz"
  "version" "1.0.1"

"process-nextick-args@~2.0.0":
  "integrity" "sha512-3ouUOpQhtgrbOa17J7+uxOTpITYWaGP7/AhoR3+A+/1e9skrzelGi/dXzEYyvbxubEF6Wn2ypscTKiKJFFn1ag=="
  "resolved" "https://registry.npmjs.org/process-nextick-args/-/process-nextick-args-2.0.1.tgz"
  "version" "2.0.1"

"protocol-buffers-schema@^3.3.1":
  "integrity" "sha512-Xdayp8sB/mU+sUV4G7ws8xtYMGdQnxbeIfLjyO9TZZRJdztBGhlmbI5x1qcY4TG5hBkIKGnc28i7nXxaugu88w=="
  "resolved" "https://registry.npmjs.org/protocol-buffers-schema/-/protocol-buffers-schema-3.3.2.tgz"
  "version" "3.3.2"

"quickselect@^2.0.0":
  "integrity" "sha512-RKJ22hX8mHe3Y6wH/N3wCM6BWtjaxIyyUIkpHOvfFnxdI4yD4tBXEBKSbriGujF6jnSVkJrffuo6vxACiSSxIw=="
  "resolved" "https://registry.npmjs.org/quickselect/-/quickselect-2.0.0.tgz"
  "version" "2.0.0"

"readable-stream@^2.2.2":
  "integrity" "sha512-tQtKA9WIAhBF3+VLAseyMqZeBjW0AHJoxOtYqSUZNJxauErmLbVm2FW1y+J/YA9dUrAC39ITejlZWhVIwawkKw=="
  "resolved" "https://registry.npmjs.org/readable-stream/-/readable-stream-2.3.6.tgz"
  "version" "2.3.6"
  dependencies:
    "core-util-is" "~1.0.0"
    "inherits" "~2.0.3"
    "isarray" "~1.0.0"
    "process-nextick-args" "~2.0.0"
    "safe-buffer" "~5.1.1"
    "string_decoder" "~1.1.1"
    "util-deprecate" "~1.0.1"

"redeyed@~0.4.0":
  "integrity" "sha1-N+mQpvKyGyoRwuakj9QTVpjLqX8="
  "resolved" "https://registry.npmjs.org/redeyed/-/redeyed-0.4.4.tgz"
  "version" "0.4.4"
  dependencies:
    "esprima" "~1.0.4"

"resolve-protobuf-schema@^2.1.0":
  "integrity" "sha512-kI5ffTiZWmJaS/huM8wZfEMer1eRd7oJQhDuxeCLe3t7N7mX3z94CN0xPxBQxFYQTSNz9T0i+v6inKqSdK8xrQ=="
  "resolved" "https://registry.npmjs.org/resolve-protobuf-schema/-/resolve-protobuf-schema-2.1.0.tgz"
  "version" "2.1.0"
  dependencies:
    "protocol-buffers-schema" "^3.3.1"

"rw@^1.3.3":
  "integrity" "sha1-P4Yt+pGrdmsUiF700BEkv9oHT7Q="
  "resolved" "https://registry.npmjs.org/rw/-/rw-1.3.3.tgz"
  "version" "1.3.3"

"safe-buffer@~5.1.0", "safe-buffer@~5.1.1":
  "integrity" "sha512-Gd2UZBJDkXlY7GbJxfsE8/nvKkUEU1G38c1siN6QP6a9PT9MmHB8GnpscSmMJSoF8LOIrt8ud/wPtojys4G6+g=="
  "resolved" "https://registry.npmjs.org/safe-buffer/-/safe-buffer-5.1.2.tgz"
  "version" "5.1.2"

"sharkdown@^0.1.0":
  "integrity" "sha512-exwooSpmo5s45lrexgz6Q0rFQM574wYIX3iDZ7RLLqOb7IAoQZu9nxlZODU972g19sR69OIpKP2cpHTzU+PHIg=="
  "resolved" "https://registry.npmjs.org/sharkdown/-/sharkdown-0.1.1.tgz"
  "version" "0.1.1"
  dependencies:
    "cardinal" "~0.4.2"
    "minimist" "0.0.5"
    "split" "~0.2.10"

"split@~0.2.10":
  "integrity" "sha1-Zwl8YB1pfOE2j0GPBs0gHPBSGlc="
  "resolved" "https://registry.npmjs.org/split/-/split-0.2.10.tgz"
  "version" "0.2.10"
  dependencies:
    "through" "2"

"ssr-window@^1.0.1":
  "integrity" "sha512-dgFqB+f00LJTEgb6UXhx0h+SrG50LJvti2yMKMqAgzfUmUXZrLSv2fjULF7AWGwK25EXu8+smLR3jYsJQChPsg=="
  "resolved" "https://registry.npmjs.org/ssr-window/-/ssr-window-1.0.1.tgz"
  "version" "1.0.1"

"string_decoder@~1.1.1":
  "integrity" "sha512-n/ShnvDi6FHbbVfviro+WojiFzv+s8MPMHBczVePfUpDJLwoLT0ht1l4YwBCbi8pJAveEEdnkHyPyTP/mzRfwg=="
  "resolved" "https://registry.npmjs.org/string_decoder/-/string_decoder-1.1.1.tgz"
  "version" "1.1.1"
  dependencies:
    "safe-buffer" "~5.1.0"

"supercluster@^6.0.1":
  "integrity" "sha512-aa0v2HURjBTOpbcknilcfxGDuArM8khklKSmZ/T8ZXL0BuRwb5aRw95lz+2bmWpFvCXDX/+FzqHxmg0TIaJErw=="
  "resolved" "https://registry.npmjs.org/supercluster/-/supercluster-6.0.2.tgz"
  "version" "6.0.2"
  dependencies:
    "kdbush" "^3.0.0"

"swiper@^5.2.1":
  "integrity" "sha512-K9OGzPCkoER3j+Er9uaj8Tj89MBUex8gANX747FdzN6STG2WFuG3EhsX/05dCd2X4bewIooluoZHVgOagfR/nQ=="
  "resolved" "https://registry.npmjs.org/swiper/-/swiper-5.2.1.tgz"
  "version" "5.2.1"
  dependencies:
    "dom7" "^2.1.3"
    "ssr-window" "^1.0.1"

"swup@^2.0.8":
  "integrity" "sha512-5VzrBOHLG6+DXmOD0SkiNuHpUhnvis4l9OsTcbgIoA/HVR1SI3LX8hs+Z90RXMQ+JDX9gW2bU5EPpFz6H7/tkQ=="
  "resolved" "https://registry.npmjs.org/swup/-/swup-2.0.8.tgz"
  "version" "2.0.8"
  dependencies:
    "delegate" "3.1.3"
    "opencollective-postinstall" "^2.0.2"

"through@2":
  "integrity" "sha1-DdTJ/6q8NXlgsbckEV1+Doai4fU="
  "resolved" "https://registry.npmjs.org/through/-/through-2.3.8.tgz"
  "version" "2.3.8"

"tinyqueue@^2.0.0":
  "integrity" "sha512-ppJZNDuKGgxzkHihX8v9v9G5f+18gzaTfrukGrq6ueg0lmH4nqVnA2IPG0AEH3jKEk2GRJCUhDoqpoiw3PHLBA=="
  "resolved" "https://registry.npmjs.org/tinyqueue/-/tinyqueue-2.0.3.tgz"
  "version" "2.0.3"

"typedarray@^0.0.6":
  "integrity" "sha1-hnrHTjhkGHsdPUfZlqeOxciDB3c="
  "resolved" "https://registry.npmjs.org/typedarray/-/typedarray-0.0.6.tgz"
  "version" "0.0.6"

"util-deprecate@~1.0.1":
  "integrity" "sha1-RQ1Nyfpw3nMnYvvS1KKJgUGaDM8="
  "resolved" "https://registry.npmjs.org/util-deprecate/-/util-deprecate-1.0.2.tgz"
  "version" "1.0.2"

"vt-pbf@^3.1.1":
  "integrity" "sha512-pHjWdrIoxurpmTcbfBWXaPwSmtPAHS105253P1qyEfSTV2HJddqjM+kIHquaT/L6lVJIk9ltTGc0IxR/G47hYA=="
  "resolved" "https://registry.npmjs.org/vt-pbf/-/vt-pbf-3.1.1.tgz"
  "version" "3.1.1"
  dependencies:
    "@mapbox/point-geometry" "0.1.0"
    "@mapbox/vector-tile" "^1.3.1"
    "pbf" "^3.0.5"

"wgs84@0.0.0":
  "integrity" "sha1-NP3FVZF7blfPKigu0ENxDASc3HY="
  "resolved" "https://registry.npmjs.org/wgs84/-/wgs84-0.0.0.tgz"
  "version" "0.0.0"

"what-input@^5.2.6":
  "integrity" "sha512-a0BcI5YR7xp87vSzGcbN0IszJKpUQuTmrZaTSQBl7TLDIdKj6rDhluQ7b/7lYGG81gWDvkySsEvwv4BW5an9kg=="
  "resolved" "https://registry.npmjs.org/what-input/-/what-input-5.2.6.tgz"
  "version" "5.2.6"
